
Microsoft Visual Studio Solution File, Format Version 12.00
# Visual Studio Version 16
VisualStudioVersion = 16.0.32510.428
MinimumVisualStudioVersion = 10.0.40219.1
Project("{FAE04EC0-301F-11D3-BF4B-00C04F79EFBC}") = "u17004111_HW04", "u17004111_HW04\u17004111_HW04.csproj", "{FAD766B8-3CC8-4514-8A51-E0F247568A88}"
EndProject
Global
	GlobalSection(SolutionConfigurationPlatforms) = preSolution
		Debug|Any CPU = Debug|Any CPU
		Release|Any CPU = Release|Any CPU
	EndGlobalSection
	GlobalSection(ProjectConfigurationPlatforms) = postSolution
		{FAD766B8-3CC8-4514-8A51-E0F247568A88}.Debug|Any CPU.ActiveCfg = Debug|Any CPU
		{FAD766B8-3CC8-4514-8A51-E0F247568A88}.Debug|Any CPU.Build.0 = Debug|Any CPU
		{FAD766B8-3CC8-4514-8A51-E0F247568A88}.Release|Any CPU.ActiveCfg = Release|Any CPU
		{FAD766B8-3CC8-4514-8A51-E0F247568A88}.Release|Any CPU.Build.0 = Release|Any CPU
	EndGlobalSection
	GlobalSection(SolutionProperties) = preSolution
		HideSolutionNode = FALSE
	EndGlobalSection
	GlobalSection(ExtensibilityGlobals) = postSolution
		SolutionGuid = {83065A94-74C9-4821-A08C-A582609D9FE9}
	EndGlobalSection
EndGlobal
